
Microsoft Visual Studio Solution File, Format Version 12.00
# Visual Studio 14
VisualStudioVersion = 14.0.23107.0
MinimumVisualStudioVersion = 10.0.40219.1
Project("{FAE04EC0-301F-11D3-BF4B-00C04F79EFBC}") = "winformStyle", "winformStyle\winformStyle.csproj", "{06648A09-0960-49BB-B527-B55FEE8632F2}"
EndProject
Project("{FAE04EC0-301F-11D3-BF4B-00C04F79EFBC}") = "BaseProgram", "HUAWEI\BaseProgram\BaseProgram\BaseProgram.csproj", "{549B1F1A-1D34-490D-B4D3-3C72DAE33777}"
EndProject
Global
	GlobalSection(SolutionConfigurationPlatforms) = preSolution
		Debug|Any CPU = Debug|Any CPU
		Release|Any CPU = Release|Any CPU
	EndGlobalSection
	GlobalSection(ProjectConfigurationPlatforms) = postSolution
		{06648A09-0960-49BB-B527-B55FEE8632F2}.Debug|Any CPU.ActiveCfg = Debug|Any CPU
		{06648A09-0960-49BB-B527-B55FEE8632F2}.Debug|Any CPU.Build.0 = Debug|Any CPU
		{06648A09-0960-49BB-B527-B55FEE8632F2}.Release|Any CPU.ActiveCfg = Release|Any CPU
		{06648A09-0960-49BB-B527-B55FEE8632F2}.Release|Any CPU.Build.0 = Release|Any CPU
		{549B1F1A-1D34-490D-B4D3-3C72DAE33777}.Debug|Any CPU.ActiveCfg = Debug|Any CPU
		{549B1F1A-1D34-490D-B4D3-3C72DAE33777}.Debug|Any CPU.Build.0 = Debug|Any CPU
		{549B1F1A-1D34-490D-B4D3-3C72DAE33777}.Release|Any CPU.ActiveCfg = Release|Any CPU
		{549B1F1A-1D34-490D-B4D3-3C72DAE33777}.Release|Any CPU.Build.0 = Release|Any CPU
	EndGlobalSection
	GlobalSection(SolutionProperties) = preSolution
		HideSolutionNode = FALSE
	EndGlobalSection
EndGlobal
